
Microsoft Visual Studio Solution File, Format Version 12.00
# Visual Studio 15
VisualStudioVersion = 15.0.27703.2035
MinimumVisualStudioVersion = 10.0.40219.1
Project("{9A19103F-16F7-4668-BE54-9A1E7A4F7556}") = "SumariCoreApp.Domain", "SumariCoreApp.Domain\SumariCoreApp.Domain.csproj", "{DA7C32D9-736A-410C-B06C-BFAAF521FA1C}"
EndProject
Project("{9A19103F-16F7-4668-BE54-9A1E7A4F7556}") = "SumariCoreApp.Data", "SumariCoreApp.Data\SumariCoreApp.Data.csproj", "{C9C580D3-5074-4ADE-952B-3C19827F6D52}"
EndProject
Project("{9A19103F-16F7-4668-BE54-9A1E7A4F7556}") = "WebApp", "WebApp\WebApp.csproj", "{FAFC66E6-9D71-4036-A429-01B68A0F409D}"
EndProject
Project("{FAE04EC0-301F-11D3-BF4B-00C04F79EFBC}") = "SumariApp", "SumariApp\SumariApp.csproj", "{7652B279-2F19-43EA-B196-970433376E2B}"
EndProject
Global
	GlobalSection(SolutionConfigurationPlatforms) = preSolution
		Debug|Any CPU = Debug|Any CPU
		Release|Any CPU = Release|Any CPU
	EndGlobalSection
	GlobalSection(ProjectConfigurationPlatforms) = postSolution
		{DA7C32D9-736A-410C-B06C-BFAAF521FA1C}.Debug|Any CPU.ActiveCfg = Debug|Any CPU
		{DA7C32D9-736A-410C-B06C-BFAAF521FA1C}.Debug|Any CPU.Build.0 = Debug|Any CPU
		{DA7C32D9-736A-410C-B06C-BFAAF521FA1C}.Release|Any CPU.ActiveCfg = Release|Any CPU
		{DA7C32D9-736A-410C-B06C-BFAAF521FA1C}.Release|Any CPU.Build.0 = Release|Any CPU
		{C9C580D3-5074-4ADE-952B-3C19827F6D52}.Debug|Any CPU.ActiveCfg = Debug|Any CPU
		{C9C580D3-5074-4ADE-952B-3C19827F6D52}.Debug|Any CPU.Build.0 = Debug|Any CPU
		{C9C580D3-5074-4ADE-952B-3C19827F6D52}.Release|Any CPU.ActiveCfg = Release|Any CPU
		{C9C580D3-5074-4ADE-952B-3C19827F6D52}.Release|Any CPU.Build.0 = Release|Any CPU
		{FAFC66E6-9D71-4036-A429-01B68A0F409D}.Debug|Any CPU.ActiveCfg = Debug|Any CPU
		{FAFC66E6-9D71-4036-A429-01B68A0F409D}.Debug|Any CPU.Build.0 = Debug|Any CPU
		{FAFC66E6-9D71-4036-A429-01B68A0F409D}.Release|Any CPU.ActiveCfg = Release|Any CPU
		{FAFC66E6-9D71-4036-A429-01B68A0F409D}.Release|Any CPU.Build.0 = Release|Any CPU
		{7652B279-2F19-43EA-B196-970433376E2B}.Debug|Any CPU.ActiveCfg = Debug|Any CPU
		{7652B279-2F19-43EA-B196-970433376E2B}.Debug|Any CPU.Build.0 = Debug|Any CPU
		{7652B279-2F19-43EA-B196-970433376E2B}.Release|Any CPU.ActiveCfg = Release|Any CPU
		{7652B279-2F19-43EA-B196-970433376E2B}.Release|Any CPU.Build.0 = Release|Any CPU
	EndGlobalSection
	GlobalSection(SolutionProperties) = preSolution
		HideSolutionNode = FALSE
	EndGlobalSection
	GlobalSection(ExtensibilityGlobals) = postSolution
		SolutionGuid = {7CC908AC-A9C4-4A6F-AD98-781A5D79F411}
	EndGlobalSection
EndGlobal
